
Microsoft Visual Studio Solution File, Format Version 12.00
# Visual Studio Version 17
VisualStudioVersion = 17.14.36121.58 d17.14
MinimumVisualStudioVersion = 10.0.40219.1
Project("{FAE04EC0-301F-11D3-BF4B-00C04F79EFBC}") = "AvaloniaCalculator", "AvaloniaCalculator\AvaloniaCalculator.csproj", "{5F1BF040-82BC-4306-8711-D0257FB730F6}"
EndProject
Global
	GlobalSection(SolutionConfigurationPlatforms) = preSolution
		Debug|Any CPU = Debug|Any CPU
		Release|Any CPU = Release|Any CPU
	EndGlobalSection
	GlobalSection(ProjectConfigurationPlatforms) = postSolution
		{5F1BF040-82BC-4306-8711-D0257FB730F6}.Debug|Any CPU.ActiveCfg = Debug|Any CPU
		{5F1BF040-82BC-4306-8711-D0257FB730F6}.Debug|Any CPU.Build.0 = Debug|Any CPU
		{5F1BF040-82BC-4306-8711-D0257FB730F6}.Release|Any CPU.ActiveCfg = Release|Any CPU
		{5F1BF040-82BC-4306-8711-D0257FB730F6}.Release|Any CPU.Build.0 = Release|Any CPU
	EndGlobalSection
	GlobalSection(SolutionProperties) = preSolution
		HideSolutionNode = FALSE
	EndGlobalSection
	GlobalSection(ExtensibilityGlobals) = postSolution
		SolutionGuid = {9E33735D-53D4-4D08-AC2F-5B24E44BD4E4}
	EndGlobalSection
EndGlobal
